
Microsoft Visual Studio Solution File, Format Version 12.00
# Visual Studio Version 17
VisualStudioVersion = 17.11.35222.181
MinimumVisualStudioVersion = 10.0.40219.1
Project("{9A19103F-16F7-4668-BE54-9A1E7A4F7556}") = "SLAU.Server", "SLAU.Server\SLAU.Server.csproj", "{48885E75-752F-44CA-A07A-F67F5A063EA8}"
EndProject
Project("{9A19103F-16F7-4668-BE54-9A1E7A4F7556}") = "SLAU.Client", "SLAU.Client\SLAU.Client.csproj", "{905C329C-B4DC-4390-B636-7A63A7537373}"
EndProject
Project("{9A19103F-16F7-4668-BE54-9A1E7A4F7556}") = "SLAU.Common", "SLAU.Common\SLAU.Common.csproj", "{AB8E0FB5-5CCB-4126-8AC8-64DA833FDF40}"
EndProject
Project("{9A19103F-16F7-4668-BE54-9A1E7A4F7556}") = "SLAU.ComputeNode", "SLAU.ComputeNode\SLAU.ComputeNode.csproj", "{0BA442CB-DDA0-4EE5-A3D2-1E25267BDD87}"
EndProject
Project("{FAE04EC0-301F-11D3-BF4B-00C04F79EFBC}") = "SLAU.Tests", "SLAU.Tests\SLAU.Tests.csproj", "{BE994842-AD41-4E11-90BA-3EE3A4A94751}"
EndProject
Global
	GlobalSection(SolutionConfigurationPlatforms) = preSolution
		Debug|Any CPU = Debug|Any CPU
		Release|Any CPU = Release|Any CPU
	EndGlobalSection
	GlobalSection(ProjectConfigurationPlatforms) = postSolution
		{48885E75-752F-44CA-A07A-F67F5A063EA8}.Debug|Any CPU.ActiveCfg = Debug|Any CPU
		{48885E75-752F-44CA-A07A-F67F5A063EA8}.Debug|Any CPU.Build.0 = Debug|Any CPU
		{48885E75-752F-44CA-A07A-F67F5A063EA8}.Release|Any CPU.ActiveCfg = Release|Any CPU
		{48885E75-752F-44CA-A07A-F67F5A063EA8}.Release|Any CPU.Build.0 = Release|Any CPU
		{905C329C-B4DC-4390-B636-7A63A7537373}.Debug|Any CPU.ActiveCfg = Debug|Any CPU
		{905C329C-B4DC-4390-B636-7A63A7537373}.Debug|Any CPU.Build.0 = Debug|Any CPU
		{905C329C-B4DC-4390-B636-7A63A7537373}.Release|Any CPU.ActiveCfg = Release|Any CPU
		{905C329C-B4DC-4390-B636-7A63A7537373}.Release|Any CPU.Build.0 = Release|Any CPU
		{AB8E0FB5-5CCB-4126-8AC8-64DA833FDF40}.Debug|Any CPU.ActiveCfg = Debug|Any CPU
		{AB8E0FB5-5CCB-4126-8AC8-64DA833FDF40}.Debug|Any CPU.Build.0 = Debug|Any CPU
		{AB8E0FB5-5CCB-4126-8AC8-64DA833FDF40}.Release|Any CPU.ActiveCfg = Release|Any CPU
		{AB8E0FB5-5CCB-4126-8AC8-64DA833FDF40}.Release|Any CPU.Build.0 = Release|Any CPU
		{0BA442CB-DDA0-4EE5-A3D2-1E25267BDD87}.Debug|Any CPU.ActiveCfg = Debug|Any CPU
		{0BA442CB-DDA0-4EE5-A3D2-1E25267BDD87}.Debug|Any CPU.Build.0 = Debug|Any CPU
		{0BA442CB-DDA0-4EE5-A3D2-1E25267BDD87}.Release|Any CPU.ActiveCfg = Release|Any CPU
		{0BA442CB-DDA0-4EE5-A3D2-1E25267BDD87}.Release|Any CPU.Build.0 = Release|Any CPU
		{BE994842-AD41-4E11-90BA-3EE3A4A94751}.Debug|Any CPU.ActiveCfg = Debug|Any CPU
		{BE994842-AD41-4E11-90BA-3EE3A4A94751}.Debug|Any CPU.Build.0 = Debug|Any CPU
		{BE994842-AD41-4E11-90BA-3EE3A4A94751}.Release|Any CPU.ActiveCfg = Release|Any CPU
		{BE994842-AD41-4E11-90BA-3EE3A4A94751}.Release|Any CPU.Build.0 = Release|Any CPU
	EndGlobalSection
	GlobalSection(SolutionProperties) = preSolution
		HideSolutionNode = FALSE
	EndGlobalSection
	GlobalSection(ExtensibilityGlobals) = postSolution
		SolutionGuid = {1F12E65F-83C6-4CF0-9667-998CA0E90AF9}
	EndGlobalSection
EndGlobal
